
Microsoft Visual Studio Solution File, Format Version 12.00
# Visual Studio Version 17
VisualStudioVersion = 17.5.002.0
MinimumVisualStudioVersion = 10.0.40219.1
Project("{9A19103F-16F7-4668-BE54-9A1E7A4F7556}") = "FarmerApp.Api", "backend\FarmerApp.Api.csproj", "{8B85B4D0-D53D-40A6-AFE1-3842C9F064AB}"
EndProject
Global
	GlobalSection(SolutionConfigurationPlatforms) = preSolution
		Debug|Any CPU = Debug|Any CPU
		Release|Any CPU = Release|Any CPU
	EndGlobalSection
	GlobalSection(ProjectConfigurationPlatforms) = postSolution
		{8B85B4D0-D53D-40A6-AFE1-3842C9F064AB}.Debug|Any CPU.ActiveCfg = Debug|Any CPU
		{8B85B4D0-D53D-40A6-AFE1-3842C9F064AB}.Debug|Any CPU.Build.0 = Debug|Any CPU
		{8B85B4D0-D53D-40A6-AFE1-3842C9F064AB}.Release|Any CPU.ActiveCfg = Release|Any CPU
		{8B85B4D0-D53D-40A6-AFE1-3842C9F064AB}.Release|Any CPU.Build.0 = Release|Any CPU
	EndGlobalSection
	GlobalSection(SolutionProperties) = preSolution
		HideSolutionNode = FALSE
	EndGlobalSection
	GlobalSection(ExtensibilityGlobals) = postSolution
		SolutionGuid = {EFA07AFE-73D3-49D6-BBEE-015E1FA9B866}
	EndGlobalSection
EndGlobal
